// !$*UTF8*$!
{
	archiveVersion = 1;
	classes = {
	};
	objectVersion = 50;
	objects = {

/* Begin PBXBuildFile section */
		6ACD51C624B3A11D0096C32C /* AppDelegate.swift in Sources */ = {isa = PBXBuildFile; fileRef = 6ACD51C524B3A11D0096C32C /* AppDelegate.swift */; };
		6ACD51C824B3A11D0096C32C /* SceneDelegate.swift in Sources */ = {isa = PBXBuildFile; fileRef = 6ACD51C724B3A11D0096C32C /* SceneDelegate.swift */; };
		6ACD51CA24B3A11D0096C32C /* ViewController.swift in Sources */ = {isa = PBXBuildFile; fileRef = 6ACD51C924B3A11D0096C32C /* ViewController.swift */; };
		6ACD51CD24B3A11D0096C32C /* Main.storyboard in Resources */ = {isa = PBXBuildFile; fileRef = 6ACD51CB24B3A11D0096C32C /* Main.storyboard */; };
		6ACD51CF24B3A11E0096C32C /* Assets.xcassets in Resources */ = {isa = PBXBuildFile; fileRef = 6ACD51CE24B3A11E0096C32C /* Assets.xcassets */; };
		6ACD51D224B3A11E0096C32C /* LaunchScreen.storyboard in Resources */ = {isa = PBXBuildFile; fileRef = 6ACD51D024B3A11E0096C32C /* LaunchScreen.storyboard */; };
		6ACD51DD24B3A11F0096C32C /* ParkDNDTests.swift in Sources */ = {isa = PBXBuildFile; fileRef = 6ACD51DC24B3A11F0096C32C /* ParkDNDTests.swift */; };
		6ACD51E824B3A11F0096C32C /* ParkDNDUITests.swift in Sources */ = {isa = PBXBuildFile; fileRef = 6ACD51E724B3A11F0096C32C /* ParkDNDUITests.swift */; };
		6ACD51F624B3A2A10096C32C /* logo.png in Resources */ = {isa = PBXBuildFile; fileRef = 6ACD51F524B3A2A10096C32C /* logo.png */; };
/* End PBXBuildFile section */

/* Begin PBXContainerItemProxy section */
		6ACD51D924B3A11F0096C32C /* PBXContainerItemProxy */ = {
			isa = PBXContainerItemProxy;
			containerPortal = 6ACD51BA24B3A11C0096C32C /* Project object */;
			proxyType = 1;
			remoteGlobalIDString = 6ACD51C124B3A11C0096C32C;
			remoteInfo = ParkDND;
		};
		6ACD51E424B3A11F0096C32C /* PBXContainerItemProxy */ = {
			isa = PBXContainerItemProxy;
			containerPortal = 6ACD51BA24B3A11C0096C32C /* Project object */;
			proxyType = 1;
			remoteGlobalIDString = 6ACD51C124B3A11C0096C32C;
			remoteInfo = ParkDND;
		};
/* End PBXContainerItemProxy section */

/* Begin PBXFileReference section */
		6ACD51C224B3A11D0096C32C /* ParkDND.app */ = {isa = PBXFileReference; explicitFileType = wrapper.application; includeInIndex = 0; path = ParkDND.app; sourceTree = BUILT_PRODUCTS_DIR; };
		6ACD51C524B3A11D0096C32C /* AppDelegate.swift */ = {isa = PBXFileReference; lastKnownFileType = sourcecode.swift; path = AppDelegate.swift; sourceTree = "<group>"; };
		6ACD51C724B3A11D0096C32C /* SceneDelegate.swift */ = {isa = PBXFileReference; lastKnownFileType = sourcecode.swift; path = SceneDelegate.swift; sourceTree = "<group>"; };
		6ACD51C924B3A11D0096C32C /* ViewController.swift */ = {isa = PBXFileReference; lastKnownFileType = sourcecode.swift; path = ViewController.swift; sourceTree = "<group>"; };
		6ACD51CC24B3A11D0096C32C /* Base */ = {isa = PBXFileReference; lastKnownFileType = file.storyboard; name = Base; path = Base.lproj/Main.storyboard; sourceTree = "<group>"; };
		6ACD51CE24B3A11E0096C32C /* Assets.xcassets */ = {isa = PBXFileReference; lastKnownFileType = folder.assetcatalog; path = Assets.xcassets; sourceTree = "<group>"; };
		6ACD51D124B3A11E0096C32C /* Base */ = {isa = PBXFileReference; lastKnownFileType = file.storyboard; name = Base; path = Base.lproj/LaunchScreen.storyboard; sourceTree = "<group>"; };
		6ACD51D324B3A11E0096C32C /* Info.plist */ = {isa = PBXFileReference; lastKnownFileType = text.plist.xml; path = Info.plist; sourceTree = "<group>"; };
		6ACD51D824B3A11F0096C32C /* ParkDNDTests.xctest */ = {isa = PBXFileReference; explicitFileType = wrapper.cfbundle; includeInIndex = 0; path = ParkDNDTests.xctest; sourceTree = BUILT_PRODUCTS_DIR; };
		6ACD51DC24B3A11F0096C32C /* ParkDNDTests.swift */ = {isa = PBXFileReference; lastKnownFileType = sourcecode.swift; path = ParkDNDTests.swift; sourceTree = "<group>"; };
		6ACD51DE24B3A11F0096C32C /* Info.plist */ = {isa = PBXFileReference; lastKnownFileType = text.plist.xml; path = Info.plist; sourceTree = "<group>"; };
		6ACD51E324B3A11F0096C32C /* ParkDNDUITests.xctest */ = {isa = PBXFileReference; explicitFileType = wrapper.cfbundle; includeInIndex = 0; path = ParkDNDUITests.xctest; sourceTree = BUILT_PRODUCTS_DIR; };
		6ACD51E724B3A11F0096C32C /* ParkDNDUITests.swift */ = {isa = PBXFileReference; lastKnownFileType = sourcecode.swift; path = ParkDNDUITests.swift; sourceTree = "<group>"; };
		6ACD51E924B3A11F0096C32C /* Info.plist */ = {isa = PBXFileReference; lastKnownFileType = text.plist.xml; path = Info.plist; sourceTree = "<group>"; };
		6ACD51F524B3A2A10096C32C /* logo.png */ = {isa = PBXFileReference; lastKnownFileType = image.png; path = logo.png; sourceTree = "<group>"; };
/* End PBXFileReference section */

/* Begin PBXFrameworksBuildPhase section */
		6ACD51BF24B3A11C0096C32C /* Frameworks */ = {
			isa = PBXFrameworksBuildPhase;
			buildActionMask = 2147483647;
			files = (
			);
			runOnlyForDeploymentPostprocessing = 0;
		};
		6ACD51D524B3A11F0096C32C /* Frameworks */ = {
			isa = PBXFrameworksBuildPhase;
			buildActionMask = 2147483647;
			files = (
			);
			runOnlyForDeploymentPostprocessing = 0;
		};
		6ACD51E024B3A11F0096C32C /* Frameworks */ = {
			isa = PBXFrameworksBuildPhase;
			buildActionMask = 2147483647;
			files = (
			);
			runOnlyForDeploymentPostprocessing = 0;
		};
/* End PBXFrameworksBuildPhase section */

/* Begin PBXGroup section */
		6ACD51B924B3A11C0096C32C = {
			isa = PBXGroup;
			children = (
				6ACD51C424B3A11D0096C32C /* ParkDND */,
				6ACD51DB24B3A11F0096C32C /* ParkDNDTests */,
				6ACD51E624B3A11F0096C32C /* ParkDNDUITests */,
				6ACD51C324B3A11D0096C32C /* Products */,
			);
			sourceTree = "<group>";
		};
		6ACD51C324B3A11D0096C32C /* Products */ = {
			isa = PBXGroup;
			children = (
				6ACD51C224B3A11D0096C32C /* ParkDND.app */,
				6ACD51D824B3A11F0096C32C /* ParkDNDTests.xctest */,
				6ACD51E324B3A11F0096C32C /* ParkDNDUITests.xctest */,
			);
			name = Products;
			sourceTree = "<group>";
		};
		6ACD51C424B3A11D0096C32C /* ParkDND */ = {
			isa = PBXGroup;
			children = (
				6ACD51C524B3A11D0096C32C /* AppDelegate.swift */,
				6ACD51C724B3A11D0096C32C /* SceneDelegate.swift */,
				6ACD51C924B3A11D0096C32C /* ViewController.swift */,
				6ACD51CB24B3A11D0096C32C /* Main.storyboard */,
				6ACD51F524B3A2A10096C32C /* logo.png */,
				6ACD51CE24B3A11E0096C32C /* Assets.xcassets */,
				6ACD51D024B3A11E0096C32C /* LaunchScreen.storyboard */,
				6ACD51D324B3A11E0096C32C /* Info.plist */,
			);
			path = ParkDND;
			sourceTree = "<group>";
		};
		6ACD51DB24B3A11F0096C32C /* ParkDNDTests */ = {
			isa = PBXGroup;
			children = (
				6ACD51DC24B3A11F0096C32C /* ParkDNDTests.swift */,
				6ACD51DE24B3A11F0096C32C /* Info.plist */,
			);
			path = ParkDNDTests;
			sourceTree = "<group>";
		};
		6ACD51E624B3A11F0096C32C /* ParkDNDUITests */ = {
			isa = PBXGroup;
			children = (
				6ACD51E724B3A11F0096C32C /* ParkDNDUITests.swift */,
				6ACD51E924B3A11F0096C32C /* Info.plist */,
			);
			path = ParkDNDUITests;
			sourceTree = "<group>";
		};
/* End PBXGroup section */

/* Begin PBXNativeTarget section */
		6ACD51C124B3A11C0096C32C /* ParkDND */ = {
			isa = PBXNativeTarget;
			buildConfigurationList = 6ACD51EC24B3A11F0096C32C /* Build configuration list for PBXNativeTarget "ParkDND" */;
			buildPhases = (
				6ACD51BE24B3A11C0096C32C /* Sources */,
				6ACD51BF24B3A11C0096C32C /* Frameworks */,
				6ACD51C024B3A11C0096C32C /* Resources */,
			);
			buildRules = (
			);
			dependencies = (
			);
			name = ParkDND;
			productName = ParkDND;
			productReference = 6ACD51C224B3A11D0096C32C /* ParkDND.app */;
			productType = "com.apple.product-type.application";
		};
		6ACD51D724B3A11F0096C32C /* ParkDNDTests */ = {
			isa = PBXNativeTarget;
			buildConfigurationList = 6ACD51EF24B3A11F0096C32C /* Build configuration list for PBXNativeTarget "ParkDNDTests" */;
			buildPhases = (
				6ACD51D424B3A11F0096C32C /* Sources */,
				6ACD51D524B3A11F0096C32C /* Frameworks */,
				6ACD51D624B3A11F0096C32C /* Resources */,
			);
			buildRules = (
			);
			dependencies = (
				6ACD51DA24B3A11F0096C32C /* PBXTargetDependency */,
			);
			name = ParkDNDTests;
			productName = ParkDNDTests;
			productReference = 6ACD51D824B3A11F0096C32C /* ParkDNDTests.xctest */;
			productType = "com.apple.product-type.bundle.unit-test";
		};
		6ACD51E224B3A11F0096C32C /* ParkDNDUITests */ = {
			isa = PBXNativeTarget;
			buildConfigurationList = 6ACD51F224B3A11F0096C32C /* Build configuration list for PBXNativeTarget "ParkDNDUITests" */;
			buildPhases = (
				6ACD51DF24B3A11F0096C32C /* Sources */,
				6ACD51E024B3A11F0096C32C /* Frameworks */,
				6ACD51E124B3A11F0096C32C /* Resources */,
			);
			buildRules = (
			);
			dependencies = (
				6ACD51E524B3A11F0096C32C /* PBXTargetDependency */,
			);
			name = ParkDNDUITests;
			productName = ParkDNDUITests;
			productReference = 6ACD51E324B3A11F0096C32C /* ParkDNDUITests.xctest */;
			productType = "com.apple.product-type.bundle.ui-testing";
		};
/* End PBXNativeTarget section */

/* Begin PBXProject section */
		6ACD51BA24B3A11C0096C32C /* Project object */ = {
			isa = PBXProject;
			attributes = {
				LastSwiftUpdateCheck = 1130;
				LastUpgradeCheck = 1130;
				ORGANIZATIONNAME = "Shrey Jain";
				TargetAttributes = {
					6ACD51C124B3A11C0096C32C = {
						CreatedOnToolsVersion = 11.3.1;
					};
					6ACD51D724B3A11F0096C32C = {
						CreatedOnToolsVersion = 11.3.1;
						TestTargetID = 6ACD51C124B3A11C0096C32C;
					};
					6ACD51E224B3A11F0096C32C = {
						CreatedOnToolsVersion = 11.3.1;
						TestTargetID = 6ACD51C124B3A11C0096C32C;
					};
				};
			};
			buildConfigurationList = 6ACD51BD24B3A11C0096C32C /* Build configuration list for PBXProject "ParkDND" */;
			compatibilityVersion = "Xcode 9.3";
			developmentRegion = en;
			hasScannedForEncodings = 0;
			knownRegions = (
				en,
				Base,
			);
			mainGroup = 6ACD51B924B3A11C0096C32C;
			productRefGroup = 6ACD51C324B3A11D0096C32C /* Products */;
			projectDirPath = "";
			projectRoot = "";
			targets = (
				6ACD51C124B3A11C0096C32C /* ParkDND */,
				6ACD51D724B3A11F0096C32C /* ParkDNDTests */,
				6ACD51E224B3A11F0096C32C /* ParkDNDUITests */,
			);
		};
/* End PBXProject section */

/* Begin PBXResourcesBuildPhase section */
		6ACD51C024B3A11C0096C32C /* Resources */ = {
			isa = PBXResourcesBuildPhase;
			buildActionMask = 2147483647;
			files = (
				6ACD51F624B3A2A10096C32C /* logo.png in Resources */,
				6ACD51D224B3A11E0096C32C /* LaunchScreen.storyboard in Resources */,
				6ACD51CF24B3A11E0096C32C /* Assets.xcassets in Resources */,
				6ACD51CD24B3A11D0096C32C /* Main.storyboard in Resources */,
			);
			runOnlyForDeploymentPostprocessing = 0;
		};
		6ACD51D624B3A11F0096C32C /* Resources */ = {
			isa = PBXResourcesBuildPhase;
			buildActionMask = 2147483647;
			files = (
			);
			runOnlyForDeploymentPostprocessing = 0;
		};
		6ACD51E124B3A11F0096C32C /* Resources */ = {
			isa = PBXResourcesBuildPhase;
			buildActionMask = 2147483647;
			files = (
			);
			runOnlyForDeploymentPostprocessing = 0;
		};
/* End PBXResourcesBuildPhase section */

/* Begin PBXSourcesBuildPhase section */
		6ACD51BE24B3A11C0096C32C /* Sources */ = {
			isa = PBXSourcesBuildPhase;
			buildActionMask = 2147483647;
			files = (
				6ACD51CA24B3A11D0096C32C /* ViewController.swift in Sources */,
				6ACD51C624B3A11D0096C32C /* AppDelegate.swift in Sources */,
				6ACD51C824B3A11D0096C32C /* SceneDelegate.swift in Sources */,
			);
			runOnlyForDeploymentPostprocessing = 0;
		};
		6ACD51D424B3A11F0096C32C /* Sources */ = {
			isa = PBXSourcesBuildPhase;
			buildActionMask = 2147483647;
			files = (
				6ACD51DD24B3A11F0096C32C /* ParkDNDTests.swift in Sources */,
			);
			runOnlyForDeploymentPostprocessing = 0;
		};
		6ACD51DF24B3A11F0096C32C /* Sources */ = {
			isa = PBXSourcesBuildPhase;
			buildActionMask = 2147483647;
			files = (
				6ACD51E824B3A11F0096C32C /* ParkDNDUITests.swift in Sources */,
			);
			runOnlyForDeploymentPostprocessing = 0;
		};
/* End PBXSourcesBuildPhase section */

/* Begin PBXTargetDependency section */
		6ACD51DA24B3A11F0096C32C /* PBXTargetDependency */ = {
			isa = PBXTargetDependency;
			target = 6ACD51C124B3A11C0096C32C /* ParkDND */;
			targetProxy = 6ACD51D924B3A11F0096C32C /* PBXContainerItemProxy */;
		};
		6ACD51E524B3A11F0096C32C /* PBXTargetDependency */ = {
			isa = PBXTargetDependency;
			target = 6ACD51C124B3A11C0096C32C /* ParkDND */;
			targetProxy = 6ACD51E424B3A11F0096C32C /* PBXContainerItemProxy */;
		};
/* End PBXTargetDependency section */

/* Begin PBXVariantGroup section */
		6ACD51CB24B3A11D0096C32C /* Main.storyboard */ = {
			isa = PBXVariantGroup;
			children = (
				6ACD51CC24B3A11D0096C32C /* Base */,
			);
			name = Main.storyboard;
			sourceTree = "<group>";
		};
		6ACD51D024B3A11E0096C32C /* LaunchScreen.storyboard */ = {
			isa = PBXVariantGroup;
			children = (
				6ACD51D124B3A11E0096C32C /* Base */,
			);
			name = LaunchScreen.storyboard;
			sourceTree = "<group>";
		};
/* End PBXVariantGroup section */

/* Begin XCBuildConfiguration section */
		6ACD51EA24B3A11F0096C32C /* Debug */ = {
			isa = XCBuildConfiguration;
			buildSettings = {
				ALWAYS_SEARCH_USER_PATHS = NO;
				CLANG_ANALYZER_NONNULL = YES;
				CLANG_ANALYZER_NUMBER_OBJECT_CONVERSION = YES_AGGRESSIVE;
				CLANG_CXX_LANGUAGE_STANDARD = "gnu++14";
				CLANG_CXX_LIBRARY = "libc++";
				CLANG_ENABLE_MODULES = YES;
				CLANG_ENABLE_OBJC_ARC = YES;
				CLANG_ENABLE_OBJC_WEAK = YES;
				CLANG_WARN_BLOCK_CAPTURE_AUTORELEASING = YES;
				CLANG_WARN_BOOL_CONVERSION = YES;
				CLANG_WARN_COMMA = YES;
				CLANG_WARN_CONSTANT_CONVERSION = YES;
				CLANG_WARN_DEPRECATED_OBJC_IMPLEMENTATIONS = YES;
				CLANG_WARN_DIRECT_OBJC_ISA_USAGE = YES_ERROR;
				CLANG_WARN_DOCUMENTATION_COMMENTS = YES;
				CLANG_WARN_EMPTY_BODY = YES;
				CLANG_WARN_ENUM_CONVERSION = YES;
				CLANG_WARN_INFINITE_RECURSION = YES;
				CLANG_WARN_INT_CONVERSION = YES;
				CLANG_WARN_NON_LITERAL_NULL_CONVERSION = YES;
				CLANG_WARN_OBJC_IMPLICIT_RETAIN_SELF = YES;
				CLANG_WARN_OBJC_LITERAL_CONVERSION = YES;
				CLANG_WARN_OBJC_ROOT_CLASS = YES_ERROR;
				CLANG_WARN_RANGE_LOOP_ANALYSIS = YES;
				CLANG_WARN_STRICT_PROTOTYPES = YES;
				CLANG_WARN_SUSPICIOUS_MOVE = YES;
				CLANG_WARN_UNGUARDED_AVAILABILITY = YES_AGGRESSIVE;
				CLANG_WARN_UNREACHABLE_CODE = YES;
				CLANG_WARN__DUPLICATE_METHOD_MATCH = YES;
				COPY_PHASE_STRIP = NO;
				DEBUG_INFORMATION_FORMAT = dwarf;
				ENABLE_STRICT_OBJC_MSGSEND = YES;
				ENABLE_TESTABILITY = YES;
				GCC_C_LANGUAGE_STANDARD = gnu11;
				GCC_DYNAMIC_NO_PIC = NO;
				GCC_NO_COMMON_BLOCKS = YES;
				GCC_OPTIMIZATION_LEVEL = 0;
				GCC_PREPROCESSOR_DEFINITIONS = (
					"DEBUG=1",
					"$(inherited)",
				);
				GCC_WARN_64_TO_32_BIT_CONVERSION = YES;
				GCC_WARN_ABOUT_RETURN_TYPE = YES_ERROR;
				GCC_WARN_UNDECLARED_SELECTOR = YES;
				GCC_WARN_UNINITIALIZED_AUTOS = YES_AGGRESSIVE;
				GCC_WARN_UNUSED_FUNCTION = YES;
				GCC_WARN_UNUSED_VARIABLE = YES;
				IPHONEOS_DEPLOYMENT_TARGET = 13.2;
				MTL_ENABLE_DEBUG_INFO = INCLUDE_SOURCE;
				MTL_FAST_MATH = YES;
				ONLY_ACTIVE_ARCH = YES;
				SDKROOT = iphoneos;
				SWIFT_ACTIVE_COMPILATION_CONDITIONS = DEBUG;
				SWIFT_OPTIMIZATION_LEVEL = "-Onone";
			};
			name = Debug;
		};
		6ACD51EB24B3A11F0096C32C /* Release */ = {
			isa = XCBuildConfiguration;
			buildSettings = {
				ALWAYS_SEARCH_USER_PATHS = NO;
				CLANG_ANALYZER_NONNULL = YES;
				CLANG_ANALYZER_NUMBER_OBJECT_CONVERSION = YES_AGGRESSIVE;
				CLANG_CXX_LANGUAGE_STANDARD = "gnu++14";
				CLANG_CXX_LIBRARY = "libc++";
				CLANG_ENABLE_MODULES = YES;
				CLANG_ENABLE_OBJC_ARC = YES;
				CLANG_ENABLE_OBJC_WEAK = YES;
				CLANG_WARN_BLOCK_CAPTURE_AUTORELEASING = YES;
				CLANG_WARN_BOOL_CONVERSION = YES;
				CLANG_WARN_COMMA = YES;
				CLANG_WARN_CONSTANT_CONVERSION = YES;
				CLANG_WARN_DEPRECATED_OBJC_IMPLEMENTATIONS = YES;
				CLANG_WARN_DIRECT_OBJC_ISA_USAGE = YES_ERROR;
				CLANG_WARN_DOCUMENTATION_COMMENTS = YES;
				CLANG_WARN_EMPTY_BODY = YES;
				CLANG_WARN_ENUM_CONVERSION = YES;
				CLANG_WARN_INFINITE_RECURSION = YES;
				CLANG_WARN_INT_CONVERSION = YES;
				CLANG_WARN_NON_LITERAL_NULL_CONVERSION = YES;
				CLANG_WARN_OBJC_IMPLICIT_RETAIN_SELF = YES;
				CLANG_WARN_OBJC_LITERAL_CONVERSION = YES;
				CLANG_WARN_OBJC_ROOT_CLASS = YES_ERROR;
				CLANG_WARN_RANGE_LOOP_ANALYSIS = YES;
				CLANG_WARN_STRICT_PROTOTYPES = YES;
				CLANG_WARN_SUSPICIOUS_MOVE = YES;
				CLANG_WARN_UNGUARDED_AVAILABILITY = YES_AGGRESSIVE;
				CLANG_WARN_UNREACHABLE_CODE = YES;
				CLANG_WARN__DUPLICATE_METHOD_MATCH = YES;
				COPY_PHASE_STRIP = NO;
				DEBUG_INFORMATION_FORMAT = "dwarf-with-dsym";
				ENABLE_NS_ASSERTIONS = NO;
				ENABLE_STRICT_OBJC_MSGSEND = YES;
				GCC_C_LANGUAGE_STANDARD = gnu11;
				GCC_NO_COMMON_BLOCKS = YES;
				GCC_WARN_64_TO_32_BIT_CONVERSION = YES;
				GCC_WARN_ABOUT_RETURN_TYPE = YES_ERROR;
				GCC_WARN_UNDECLARED_SELECTOR = YES;
				GCC_WARN_UNINITIALIZED_AUTOS = YES_AGGRESSIVE;
				GCC_WARN_UNUSED_FUNCTION = YES;
				GCC_WARN_UNUSED_VARIABLE = YES;
				IPHONEOS_DEPLOYMENT_TARGET = 13.2;
				MTL_ENABLE_DEBUG_INFO = NO;
				MTL_FAST_MATH = YES;
				SDKROOT = iphoneos;
				SWIFT_COMPILATION_MODE = wholemodule;
				SWIFT_OPTIMIZATION_LEVEL = "-O";
				VALIDATE_PRODUCT = YES;
			};
			name = Release;
		};
		6ACD51ED24B3A11F0096C32C /* Debug */ = {
			isa = XCBuildConfiguration;
			buildSettings = {
				ASSETCATALOG_COMPILER_APPICON_NAME = AppIcon;
				CODE_SIGN_STYLE = Automatic;
				DEVELOPMENT_TEAM = HB5WUW35LQ;
				INFOPLIST_FILE = ParkDND/Info.plist;
				LD_RUNPATH_SEARCH_PATHS = (
					"$(inherited)",
					"@executable_path/Frameworks",
				);
				PRODUCT_BUNDLE_IDENTIFIER = com.parkdnd.ParkDND;
				PRODUCT_NAME = "$(TARGET_NAME)";
				SWIFT_VERSION = 5.0;
				TARGETED_DEVICE_FAMILY = "1,2";
			};
			name = Debug;
		};
		6ACD51EE24B3A11F0096C32C /* Release */ = {
			isa = XCBuildConfiguration;
			buildSettings = {
				ASSETCATALOG_COMPILER_APPICON_NAME = AppIcon;
				CODE_SIGN_STYLE = Automatic;
				DEVELOPMENT_TEAM = HB5WUW35LQ;
				INFOPLIST_FILE = ParkDND/Info.plist;
				LD_RUNPATH_SEARCH_PATHS = (
					"$(inherited)",
					"@executable_path/Frameworks",
				);
				PRODUCT_BUNDLE_IDENTIFIER = com.parkdnd.ParkDND;
				PRODUCT_NAME = "$(TARGET_NAME)";
				SWIFT_VERSION = 5.0;
				TARGETED_DEVICE_FAMILY = "1,2";
			};
			name = Release;
		};
		6ACD51F024B3A11F0096C32C /* Debug */ = {
			isa = XCBuildConfiguration;
			buildSettings = {
				ALWAYS_EMBED_SWIFT_STANDARD_LIBRARIES = YES;
				BUNDLE_LOADER = "$(TEST_HOST)";
				CODE_SIGN_STYLE = Automatic;
				DEVELOPMENT_TEAM = HB5WUW35LQ;
				INFOPLIST_FILE = ParkDNDTests/Info.plist;
				IPHONEOS_DEPLOYMENT_TARGET = 13.2;
				LD_RUNPATH_SEARCH_PATHS = (
					"$(inherited)",
					"@executable_path/Frameworks",
					"@loader_path/Frameworks",
				);
				PRODUCT_BUNDLE_IDENTIFIER = com.parkdnd.ParkDNDTests;
				PRODUCT_NAME = "$(TARGET_NAME)";
				SWIFT_VERSION = 5.0;
				TARGETED_DEVICE_FAMILY = "1,2";
				TEST_HOST = "$(BUILT_PRODUCTS_DIR)/ParkDND.app/ParkDND";
			};
			name = Debug;
		};
		6ACD51F124B3A11F0096C32C /* Release */ = {
			isa = XCBuildConfiguration;
			buildSettings = {
				ALWAYS_EMBED_SWIFT_STANDARD_LIBRARIES = YES;
				BUNDLE_LOADER = "$(TEST_HOST)";
				CODE_SIGN_STYLE = Automatic;
				DEVELOPMENT_TEAM = HB5WUW35LQ;
				INFOPLIST_FILE = ParkDNDTests/Info.plist;
				IPHONEOS_DEPLOYMENT_TARGET = 13.2;
				LD_RUNPATH_SEARCH_PATHS = (
					"$(inherited)",
					"@executable_path/Frameworks",
					"@loader_path/Frameworks",
				);
				PRODUCT_BUNDLE_IDENTIFIER = com.parkdnd.ParkDNDTests;
				PRODUCT_NAME = "$(TARGET_NAME)";
				SWIFT_VERSION = 5.0;
				TARGETED_DEVICE_FAMILY = "1,2";
				TEST_HOST = "$(BUILT_PRODUCTS_DIR)/ParkDND.app/ParkDND";
			};
			name = Release;
		};
		6ACD51F324B3A11F0096C32C /* Debug */ = {
			isa = XCBuildConfiguration;
			buildSettings = {
				ALWAYS_EMBED_SWIFT_STANDARD_LIBRARIES = YES;
				CODE_SIGN_STYLE = Automatic;
				DEVELOPMENT_TEAM = HB5WUW35LQ;
				INFOPLIST_FILE = ParkDNDUITests/Info.plist;
				LD_RUNPATH_SEARCH_PATHS = (
					"$(inherited)",
					"@executable_path/Frameworks",
					"@loader_path/Frameworks",
				);
				PRODUCT_BUNDLE_IDENTIFIER = com.parkdnd.ParkDNDUITests;
				PRODUCT_NAME = "$(TARGET_NAME)";
				SWIFT_VERSION = 5.0;
				TARGETED_DEVICE_FAMILY = "1,2";
				TEST_TARGET_NAME = ParkDND;
			};
			name = Debug;
		};
		6ACD51F424B3A11F0096C32C /* Release */ = {
			isa = XCBuildConfiguration;
			buildSettings = {
				ALWAYS_EMBED_SWIFT_STANDARD_LIBRARIES = YES;
				CODE_SIGN_STYLE = Automatic;
				DEVELOPMENT_TEAM = HB5WUW35LQ;
				INFOPLIST_FILE = ParkDNDUITests/Info.plist;
				LD_RUNPATH_SEARCH_PATHS = (
					"$(inherited)",
					"@executable_path/Frameworks",
					"@loader_path/Frameworks",
				);
				PRODUCT_BUNDLE_IDENTIFIER = com.parkdnd.ParkDNDUITests;
				PRODUCT_NAME = "$(TARGET_NAME)";
				SWIFT_VERSION = 5.0;
				TARGETED_DEVICE_FAMILY = "1,2";
				TEST_TARGET_NAME = ParkDND;
			};
			name = Release;
		};
/* End XCBuildConfiguration section */

/* Begin XCConfigurationList section */
		6ACD51BD24B3A11C0096C32C /* Build configuration list for PBXProject "ParkDND" */ = {
			isa = XCConfigurationList;
			buildConfigurations = (
				6ACD51EA24B3A11F0096C32C /* Debug */,
				6ACD51EB24B3A11F0096C32C /* Release */,
			);
			defaultConfigurationIsVisible = 0;
			defaultConfigurationName = Release;
		};
		6ACD51EC24B3A11F0096C32C /* Build configuration list for PBXNativeTarget "ParkDND" */ = {
			isa = XCConfigurationList;
			buildConfigurations = (
				6ACD51ED24B3A11F0096C32C /* Debug */,
				6ACD51EE24B3A11F0096C32C /* Release */,
			);
			defaultConfigurationIsVisible = 0;
			defaultConfigurationName = Release;
		};
		6ACD51EF24B3A11F0096C32C /* Build configuration list for PBXNativeTarget "ParkDNDTests" */ = {
			isa = XCConfigurationList;
			buildConfigurations = (
				6ACD51F024B3A11F0096C32C /* Debug */,
				6ACD51F124B3A11F0096C32C /* Release */,
			);
			defaultConfigurationIsVisible = 0;
			defaultConfigurationName = Release;
		};
		6ACD51F224B3A11F0096C32C /* Build configuration list for PBXNativeTarget "ParkDNDUITests" */ = {
			isa = XCConfigurationList;
			buildConfigurations = (
				6ACD51F324B3A11F0096C32C /* Debug */,
				6ACD51F424B3A11F0096C32C /* Release */,
			);
			defaultConfigurationIsVisible = 0;
			defaultConfigurationName = Release;
		};
/* End XCConfigurationList section */
	};
	rootObject = 6ACD51BA24B3A11C0096C32C /* Project object */;
}
